# This file is @generated by PDM.
# It is not intended for manual editing.

[[package]]
name = "casefy"
version = "0.1.7"
requires_python = ">=3.6"
summary = "Utilities for string case conversion."

[[package]]
name = "jinja2"
version = "3.1.2"
requires_python = ">=3.7"
summary = "A very fast and expressive template engine."
dependencies = [
    "MarkupSafe>=2.0",
]

[[package]]
name = "markupsafe"
version = "2.1.2"
requires_python = ">=3.7"
summary = "Safely add untrusted strings to HTML/XML markup."

[[package]]
name = "mypy-extensions"
version = "1.0.0"
requires_python = ">=3.5"
summary = "Type system extensions for programs checked with the mypy type checker."

[[package]]
name = "numpy"
version = "1.24.3"
requires_python = ">=3.8"
summary = "Fundamental package for array computing in Python"

[[package]]
name = "pdoc"
version = "13.1.1"
requires_python = ">=3.7"
summary = "API Documentation for Python Projects"
dependencies = [
    "Jinja2>=2.11.0",
    "MarkupSafe",
    "pygments>=2.12.0",
]

[[package]]
name = "polars"
version = "0.17.11"
requires_python = ">=3.7"
summary = "Blazingly fast DataFrame library"
dependencies = [
    "typing-extensions>=4.0.1; python_version < \"3.11\"",
]

[[package]]
name = "pygame"
version = "2.4.0"
requires_python = ">=3.6"
summary = "Python Game Development"

[[package]]
name = "pygments"
version = "2.15.1"
requires_python = ">=3.7"
summary = "Pygments is a syntax highlighting package written in Python."

[[package]]
name = "pyserde"
version = "0.10.4"
requires_python = ">=3.7.0,<4.0.0"
summary = "Yet another serialization library on top of dataclasses"
dependencies = [
    "casefy",
    "jinja2",
    "numpy>1.21.0; python_version ~= \"3.7.0\" and extra == \"numpy\" or python_version ~= \"3.7.0\" and extra == \"all\"",
    "numpy>1.21.0; python_version ~= \"3.8.0\" and extra == \"numpy\" or python_version ~= \"3.8.0\" and extra == \"all\"",
    "numpy>1.21.0; python_version ~= \"3.9.0\" and extra == \"numpy\" or python_version ~= \"3.9.0\" and extra == \"all\"",
    "numpy>1.22.0; python_version ~= \"3.10\" and extra == \"numpy\" or python_version ~= \"3.10\" and extra == \"all\"",
    "typing-inspect>=0.4.0",
]

[[package]]
name = "pyserde"
version = "0.10.4"
extras = ["toml"]
requires_python = ">=3.7.0,<4.0.0"
summary = "Yet another serialization library on top of dataclasses"
dependencies = [
    "pyserde==0.10.4",
    "tomli",
    "tomli-w",
]

[[package]]
name = "tomli"
version = "2.0.1"
requires_python = ">=3.7"
summary = "A lil' TOML parser"

[[package]]
name = "tomli-w"
version = "1.0.0"
requires_python = ">=3.7"
summary = "A lil' TOML writer"

[[package]]
name = "typing-extensions"
version = "4.5.0"
requires_python = ">=3.7"
summary = "Backported and Experimental Type Hints for Python 3.7+"

[[package]]
name = "typing-inspect"
version = "0.8.0"
summary = "Runtime inspection utilities for typing module."
dependencies = [
    "mypy-extensions>=0.3.0",
    "typing-extensions>=3.7.4",
]

[metadata]
lock_version = "4.2"
groups = ["default", "dev"]
content_hash = "sha256:fee78dc9c5e0ed9ade93f266044117ac6e19edd2ee9339a2e94c39739d1ce22d"

[metadata.files]
"casefy 0.1.7" = [
    {url = "https://files.pythonhosted.org/packages/64/bd/198e4bc5dbfa8d363106fac2ca0bbd8639e1c66d7fbd2c4e3383a9cc0cb4/casefy-0.1.7.tar.gz", hash = "sha256:6accce985a64b9edb2a610a29ac489d78fac80e52ff8f2d137e294f2f92b8027"},
    {url = "https://files.pythonhosted.org/packages/aa/09/24eff895c2b59e7bd2d6aa1cc2e7955137844ec4f9f06e2770a1399755a3/casefy-0.1.7-py3-none-any.whl", hash = "sha256:ab05ff1c67f2a8e62d9f8986fa9a849416d61ac5413ec57d1f827b4f36589cf6"},
]
"jinja2 3.1.2" = [
    {url = "https://files.pythonhosted.org/packages/7a/ff/75c28576a1d900e87eb6335b063fab47a8ef3c8b4d88524c4bf78f670cce/Jinja2-3.1.2.tar.gz", hash = "sha256:31351a702a408a9e7595a8fc6150fc3f43bb6bf7e319770cbc0db9df9437e852"},
    {url = "https://files.pythonhosted.org/packages/bc/c3/f068337a370801f372f2f8f6bad74a5c140f6fda3d9de154052708dd3c65/Jinja2-3.1.2-py3-none-any.whl", hash = "sha256:6088930bfe239f0e6710546ab9c19c9ef35e29792895fed6e6e31a023a182a61"},
]
"markupsafe 2.1.2" = [
    {url = "https://files.pythonhosted.org/packages/02/2c/18d55e5df6a9ea33709d6c33e08cb2e07d39e20ad05d8c6fbf9c9bcafd54/MarkupSafe-2.1.2-cp310-cp310-win_amd64.whl", hash = "sha256:835fb5e38fd89328e9c81067fd642b3593c33e1e17e2fdbf77f5676abb14a156"},
    {url = "https://files.pythonhosted.org/packages/04/cf/9464c3c41b7cdb8df660cda75676697e7fb49ce1be7691a1162fc88da078/MarkupSafe-2.1.2-cp311-cp311-musllinux_1_1_i686.whl", hash = "sha256:085fd3201e7b12809f9e6e9bc1e5c96a368c8523fad5afb02afe3c051ae4afcc"},
    {url = "https://files.pythonhosted.org/packages/06/3b/d026c21cd1dbee89f41127e93113dcf5fa85c6660d108847760b59b3a66d/MarkupSafe-2.1.2-cp39-cp39-manylinux_2_17_x86_64.manylinux2014_x86_64.whl", hash = "sha256:40dfd3fefbef579ee058f139733ac336312663c6706d1163b82b3003fb1925c4"},
    {url = "https://files.pythonhosted.org/packages/0a/88/78cb3d95afebd183d8b04442685ab4c70cfc1138b850ba20e2a07aff2f53/MarkupSafe-2.1.2-cp311-cp311-manylinux_2_17_aarch64.manylinux2014_aarch64.whl", hash = "sha256:65608c35bfb8a76763f37036547f7adfd09270fbdbf96608be2bead319728fcd"},
    {url = "https://files.pythonhosted.org/packages/0d/15/82b108c697bec4c26c00aed6975b778cf0eac6cbb77598862b10550b7fcc/MarkupSafe-2.1.2-cp38-cp38-musllinux_1_1_x86_64.whl", hash = "sha256:2298c859cfc5463f1b64bd55cb3e602528db6fa0f3cfd568d3605c50678f8f03"},
    {url = "https://files.pythonhosted.org/packages/19/00/3b8eb0093c885576a1ce7f2263e7b8c01e55b9977433f8246f57cd81b0be/MarkupSafe-2.1.2-cp311-cp311-win32.whl", hash = "sha256:7df70907e00c970c60b9ef2938d894a9381f38e6b9db73c5be35e59d92e06625"},
    {url = "https://files.pythonhosted.org/packages/1f/20/76f6337f1e7238a626ab34405ddd634636011b2ff947dcbd8995f16a7776/MarkupSafe-2.1.2-cp311-cp311-musllinux_1_1_x86_64.whl", hash = "sha256:1bea30e9bf331f3fef67e0a3877b2288593c98a21ccb2cf29b74c581a4eb3af0"},
    {url = "https://files.pythonhosted.org/packages/22/88/9c0cae2f5ada778182f2842b377dd273d6be689953345c10b165478831eb/MarkupSafe-2.1.2-cp39-cp39-win32.whl", hash = "sha256:137678c63c977754abe9086a3ec011e8fd985ab90631145dfb9294ad09c102a7"},
    {url = "https://files.pythonhosted.org/packages/29/d2/243e6b860d97c18d848fc2bee2f39d102755a2b04a5ce4d018d839711b46/MarkupSafe-2.1.2-cp38-cp38-musllinux_1_1_i686.whl", hash = "sha256:8db032bf0ce9022a8e41a22598eefc802314e81b879ae093f36ce9ddf39ab1ba"},
    {url = "https://files.pythonhosted.org/packages/30/3e/0a69a24adb38df83e2f6989c38d68627a5f27181c82ecaa1fd03d1236dca/MarkupSafe-2.1.2-cp310-cp310-manylinux_2_5_i686.manylinux1_i686.manylinux_2_17_i686.manylinux2014_i686.whl", hash = "sha256:ca244fa73f50a800cf8c3ebf7fd93149ec37f5cb9596aa8873ae2c1d23498601"},
    {url = "https://files.pythonhosted.org/packages/34/19/64b0abc021b22766e86efee32b0e2af684c4b731ce8ac1d519c791800c13/MarkupSafe-2.1.2-cp310-cp310-macosx_10_9_x86_64.whl", hash = "sha256:340bea174e9761308703ae988e982005aedf427de816d1afe98147668cc03036"},
    {url = "https://files.pythonhosted.org/packages/37/b2/6f4d5cac75ba6fe9f17671304fe339ea45a73c5609b5f5e652aa79c915c8/MarkupSafe-2.1.2-cp310-cp310-macosx_10_9_universal2.whl", hash = "sha256:665a36ae6f8f20a4676b53224e33d456a6f5a72657d9c83c2aa00765072f31f7"},
    {url = "https://files.pythonhosted.org/packages/39/8d/5c5ce72deb8567ab48a18fbd99dc0af3dd651b6691b8570947e54a28e0f3/MarkupSafe-2.1.2-cp37-cp37m-win_amd64.whl", hash = "sha256:6d6607f98fcf17e534162f0709aaad3ab7a96032723d8ac8750ffe17ae5a0666"},
    {url = "https://files.pythonhosted.org/packages/3d/66/2f636ba803fd6eb4cee7b3106ae02538d1e84a7fb7f4f8775c6528a87d31/MarkupSafe-2.1.2-cp310-cp310-manylinux_2_17_x86_64.manylinux2014_x86_64.whl", hash = "sha256:28057e985dace2f478e042eaa15606c7efccb700797660629da387eb289b9323"},
    {url = "https://files.pythonhosted.org/packages/41/54/6e88795c64ab5dcda31b06406c062c2740d1a64db18219d4e21fc90928c1/MarkupSafe-2.1.2-cp39-cp39-musllinux_1_1_i686.whl", hash = "sha256:c0a33bc9f02c2b17c3ea382f91b4db0e6cde90b63b296422a939886a7a80de1c"},
    {url = "https://files.pythonhosted.org/packages/46/0c/10ee33673c5e36fa3809cf136971f81d951ca38516188ee11a965d9b2fe9/MarkupSafe-2.1.2-cp39-cp39-win_amd64.whl", hash = "sha256:0576fe974b40a400449768941d5d0858cc624e3249dfd1e0c33674e5c7ca7aed"},
    {url = "https://files.pythonhosted.org/packages/48/cc/d027612e17b56088cfccd2c8e083518995fcb25a7b4f17fc146362a0499d/MarkupSafe-2.1.2-cp38-cp38-musllinux_1_1_aarch64.whl", hash = "sha256:f8ffb705ffcf5ddd0e80b65ddf7bed7ee4f5a441ea7d3419e861a12eaf41af58"},
    {url = "https://files.pythonhosted.org/packages/4b/34/dc837e5ad9e14634aac4342eb8b12a9be20a4f74f50cc0d765f7aa2fc1e3/MarkupSafe-2.1.2-cp38-cp38-macosx_10_9_x86_64.whl", hash = "sha256:a4abaec6ca3ad8660690236d11bfe28dfd707778e2442b45addd2f086d6ef094"},
    {url = "https://files.pythonhosted.org/packages/50/41/1442b693a40eb76d835ca2016e86a01479f17d7fd8288f9830f6790e366a/MarkupSafe-2.1.2-cp39-cp39-musllinux_1_1_x86_64.whl", hash = "sha256:b8526c6d437855442cdd3d87eede9c425c4445ea011ca38d937db299382e6fa3"},
    {url = "https://files.pythonhosted.org/packages/52/36/b35c577c884ea352fc0c1eaed9ca4946ffc22cc9c3527a70408bfa9e9496/MarkupSafe-2.1.2-cp39-cp39-manylinux_2_17_aarch64.manylinux2014_aarch64.whl", hash = "sha256:40627dcf047dadb22cd25ea7ecfe9cbf3bbbad0482ee5920b582f3809c97654f"},
    {url = "https://files.pythonhosted.org/packages/56/0d/c9818629672a3368b773fa94597d79da77bdacc3186f097bb85023f785f6/MarkupSafe-2.1.2-cp37-cp37m-musllinux_1_1_x86_64.whl", hash = "sha256:0b462104ba25f1ac006fdab8b6a01ebbfbce9ed37fd37fd4acd70c67c973e460"},
    {url = "https://files.pythonhosted.org/packages/5a/94/d056bf5dbadf7f4b193ee2a132b3d49ffa1602371e3847518b2982045425/MarkupSafe-2.1.2-cp311-cp311-manylinux_2_17_x86_64.manylinux2014_x86_64.whl", hash = "sha256:f2bfb563d0211ce16b63c7cb9395d2c682a23187f54c3d79bfec33e6705473c6"},
    {url = "https://files.pythonhosted.org/packages/5e/f6/8eb8a5692c1986b6e863877b0b8a83628aff14e5fbfaf11d9522b532bd9d/MarkupSafe-2.1.2-cp310-cp310-manylinux_2_17_aarch64.manylinux2014_aarch64.whl", hash = "sha256:22152d00bf4a9c7c83960521fc558f55a1adbc0631fbb00a9471e097b19d72e1"},
    {url = "https://files.pythonhosted.org/packages/66/21/dadb671aade8eb67ef96e0d8f90b1bd5e8cfb6ad9d8c7fa2c870ec0c257b/MarkupSafe-2.1.2-cp37-cp37m-musllinux_1_1_aarch64.whl", hash = "sha256:55f44b440d491028addb3b88f72207d71eeebfb7b5dbf0643f7c023ae1fba619"},
    {url = "https://files.pythonhosted.org/packages/76/b5/05ce70a3e31ecebcd3628cd180dc4761293aa496db85170fdc085ed2d79a/MarkupSafe-2.1.2-cp38-cp38-win32.whl", hash = "sha256:50c42830a633fa0cf9e7d27664637532791bfc31c731a87b202d2d8ac40c3ea2"},
    {url = "https://files.pythonhosted.org/packages/77/26/af46880038c6eac3832e751298f1965f3a550f38d1e9ddaabd674860076b/MarkupSafe-2.1.2-cp39-cp39-macosx_10_9_x86_64.whl", hash = "sha256:8bca7e26c1dd751236cfb0c6c72d4ad61d986e9a41bbf76cb445f69488b2a2bd"},
    {url = "https://files.pythonhosted.org/packages/78/e6/91c9a20a943ea231c59024e181c4c5480097daf132428f2272670974637f/MarkupSafe-2.1.2-cp310-cp310-win32.whl", hash = "sha256:c4a549890a45f57f1ebf99c067a4ad0cb423a05544accaf2b065246827ed9603"},
    {url = "https://files.pythonhosted.org/packages/79/e2/b818bf277fa6b01244943498cb2127372c01dde5eff7682837cc72740618/MarkupSafe-2.1.2-cp311-cp311-manylinux_2_5_i686.manylinux1_i686.manylinux_2_17_i686.manylinux2014_i686.whl", hash = "sha256:da25303d91526aac3672ee6d49a2f3db2d9502a4a60b55519feb1a4c7714e07d"},
    {url = "https://files.pythonhosted.org/packages/7b/0f/0e99c2f342933c43af69849a6ba63f2eef54e14c6d0e10a26470fb6b40a9/MarkupSafe-2.1.2-cp37-cp37m-macosx_10_9_x86_64.whl", hash = "sha256:a6e40afa7f45939ca356f348c8e23048e02cb109ced1eb8420961b2f40fb373a"},
    {url = "https://files.pythonhosted.org/packages/7c/e6/454df09f18e0ea34d189b447a9e1a9f66c2aa332b77fd5577ebc7ca14d42/MarkupSafe-2.1.2-cp39-cp39-manylinux_2_5_i686.manylinux1_i686.manylinux_2_17_i686.manylinux2014_i686.whl", hash = "sha256:090376d812fb6ac5f171e5938e82e7f2d7adc2b629101cec0db8b267815c85e2"},
    {url = "https://files.pythonhosted.org/packages/80/64/ccb65aadd71e7685caa69a885885a673e8748525a243fb26acea37201b44/MarkupSafe-2.1.2-cp38-cp38-manylinux_2_17_aarch64.manylinux2014_aarch64.whl", hash = "sha256:f03a532d7dee1bed20bc4884194a16160a2de9ffc6354b3878ec9682bb623c54"},
    {url = "https://files.pythonhosted.org/packages/82/70/b3978786c7b576c25d84b009d2a20a11b5300d252fc3ce984e37b932e97c/MarkupSafe-2.1.2-cp39-cp39-musllinux_1_1_aarch64.whl", hash = "sha256:2e7821bffe00aa6bd07a23913b7f4e01328c3d5cc0b40b36c0bd81d362faeb65"},
    {url = "https://files.pythonhosted.org/packages/82/e3/4efcd74f10a7999783955aec36386f71082e6d7dafcc06b77b9df72b325a/MarkupSafe-2.1.2-cp39-cp39-macosx_10_9_universal2.whl", hash = "sha256:99625a92da8229df6d44335e6fcc558a5037dd0a760e11d84be2260e6f37002f"},
    {url = "https://files.pythonhosted.org/packages/87/a1/d0f05a09c6c1aef89d1eea0ab0ff1ea897d4117d27f1571034a7e3ff515b/MarkupSafe-2.1.2-cp37-cp37m-manylinux_2_17_aarch64.manylinux2014_aarch64.whl", hash = "sha256:cf877ab4ed6e302ec1d04952ca358b381a882fbd9d1b07cccbfd61783561f98a"},
    {url = "https://files.pythonhosted.org/packages/93/ca/1c3ae0c6a5712d4ba98610cada03781ea0448436b17d1dcd4759115b15a1/MarkupSafe-2.1.2-cp310-cp310-musllinux_1_1_aarch64.whl", hash = "sha256:d9d971ec1e79906046aa3ca266de79eac42f1dbf3612a05dc9368125952bd1a1"},
    {url = "https://files.pythonhosted.org/packages/93/fa/d72f68f84f8537ee8aa3e0764d1eb11e5e025a5ca90c16e94a40f894c2fc/MarkupSafe-2.1.2-cp38-cp38-win_amd64.whl", hash = "sha256:bb06feb762bade6bf3c8b844462274db0c76acc95c52abe8dbed28ae3d44a147"},
    {url = "https://files.pythonhosted.org/packages/95/7e/68018b70268fb4a2a605e2be44ab7b4dd7ce7808adae6c5ef32e34f4b55a/MarkupSafe-2.1.2.tar.gz", hash = "sha256:abcabc8c2b26036d62d4c746381a6f7cf60aafcc653198ad678306986b09450d"},
    {url = "https://files.pythonhosted.org/packages/95/88/8c8cce021ac1b1eedde349c6a41f6c256da60babf95e572071361ff3f66b/MarkupSafe-2.1.2-cp37-cp37m-manylinux_2_17_x86_64.manylinux2014_x86_64.whl", hash = "sha256:63ba06c9941e46fa389d389644e2d8225e0e3e5ebcc4ff1ea8506dce646f8c8a"},
    {url = "https://files.pythonhosted.org/packages/96/92/a873b4a7fa20c2e30bffe883bb560330f3b6ce03aaf278f75f96d161935b/MarkupSafe-2.1.2-cp310-cp310-musllinux_1_1_i686.whl", hash = "sha256:7e007132af78ea9df29495dbf7b5824cb71648d7133cf7848a2a5dd00d36f9ff"},
    {url = "https://files.pythonhosted.org/packages/9d/80/8320f182d06a9b289b1a9f266f593feb91d3781c7e104bbe09e0c4c11439/MarkupSafe-2.1.2-cp38-cp38-manylinux_2_17_x86_64.manylinux2014_x86_64.whl", hash = "sha256:4cf06cdc1dda95223e9d2d3c58d3b178aa5dacb35ee7e3bbac10e4e1faacb419"},
    {url = "https://files.pythonhosted.org/packages/be/18/988e1913a40cc8eb725b1e073eacc130f7803a061577bdc0b9343eb3c696/MarkupSafe-2.1.2-cp37-cp37m-win32.whl", hash = "sha256:7668b52e102d0ed87cb082380a7e2e1e78737ddecdde129acadb0eccc5423859"},
    {url = "https://files.pythonhosted.org/packages/c3/e5/42842a44bfd9ba2955c562b1139334a2f64cedb687e8969777fd07de42a9/MarkupSafe-2.1.2-cp37-cp37m-manylinux_2_5_i686.manylinux1_i686.manylinux_2_17_i686.manylinux2014_i686.whl", hash = "sha256:f1cd098434e83e656abf198f103a8207a8187c0fc110306691a2e94a78d0abb2"},
    {url = "https://files.pythonhosted.org/packages/c7/0e/22d0c8e6ee84414e251bd1bc555b2705af6b3fb99f0ba1ead2a0f51d423b/MarkupSafe-2.1.2-cp38-cp38-manylinux_2_5_i686.manylinux1_i686.manylinux_2_17_i686.manylinux2014_i686.whl", hash = "sha256:22731d79ed2eb25059ae3df1dfc9cb1546691cc41f4e3130fe6bfbc3ecbbecfa"},
    {url = "https://files.pythonhosted.org/packages/cf/c1/d7596976a868fe3487212a382cc121358a53dc8e8d85ff2ee2c3d3b40f04/MarkupSafe-2.1.2-cp311-cp311-musllinux_1_1_aarch64.whl", hash = "sha256:9cad97ab29dfc3f0249b483412c85c8ef4766d96cdf9dcf5a1e3caa3f3661cf1"},
    {url = "https://files.pythonhosted.org/packages/d1/10/ff89b23d4a24051c4e4f689b79ee06f230d7e9431445e24f5dd9d9a89730/MarkupSafe-2.1.2-cp38-cp38-macosx_10_9_universal2.whl", hash = "sha256:a806db027852538d2ad7555b203300173dd1b77ba116de92da9afbc3a3be3eed"},
    {url = "https://files.pythonhosted.org/packages/e3/a9/e366665c7eae59c9c9d34b747cd5a3994847719a2304e0c8dec8b604dd98/MarkupSafe-2.1.2-cp311-cp311-macosx_10_9_universal2.whl", hash = "sha256:2ec4f2d48ae59bbb9d1f9d7efb9236ab81429a764dedca114f5fdabbc3788013"},
    {url = "https://files.pythonhosted.org/packages/e6/ff/d2378ca3cb3ac4a37af767b820b0f0bf3f5e9193a6acce0eefc379425c1c/MarkupSafe-2.1.2-cp311-cp311-macosx_10_9_x86_64.whl", hash = "sha256:608e7073dfa9e38a85d38474c082d4281f4ce276ac0010224eaba11e929dd53a"},
    {url = "https://files.pythonhosted.org/packages/e9/c6/2da36728c1310f141395176556500aeedfdea8c2b02a3b72ba61b69280e8/MarkupSafe-2.1.2-cp37-cp37m-musllinux_1_1_i686.whl", hash = "sha256:a6f2fcca746e8d5910e18782f976489939d54a91f9411c32051b4aab2bd7c513"},
    {url = "https://files.pythonhosted.org/packages/ea/60/2400ba59cf2465fa136487ee7299f52121a9d04b2cf8539ad43ad10e70e8/MarkupSafe-2.1.2-cp311-cp311-win_amd64.whl", hash = "sha256:e55e40ff0cc8cc5c07996915ad367fa47da6b3fc091fdadca7f5403239c5fec3"},
    {url = "https://files.pythonhosted.org/packages/f9/aa/ebcd114deab08f892b1d70badda4436dbad1747f9e5b72cffb3de4c7129d/MarkupSafe-2.1.2-cp310-cp310-musllinux_1_1_x86_64.whl", hash = "sha256:7313ce6a199651c4ed9d7e4cfb4aa56fe923b1adf9af3b420ee14e6d9a73df65"},
]
"mypy-extensions 1.0.0" = [
    {url = "https://files.pythonhosted.org/packages/2a/e2/5d3f6ada4297caebe1a2add3b126fe800c96f56dbe5d1988a2cbe0b267aa/mypy_extensions-1.0.0-py3-none-any.whl", hash = "sha256:4392f6c0eb8a5668a69e23d168ffa70f0be9ccfd32b5cc2d26a34ae5b844552d"},
    {url = "https://files.pythonhosted.org/packages/98/a4/1ab47638b92648243faf97a5aeb6ea83059cc3624972ab6b8d2316078d3f/mypy_extensions-1.0.0.tar.gz", hash = "sha256:75dbf8955dc00442a438fc4d0666508a9a97b6bd41aa2f0ffe9d2f2725af0782"},
]
"numpy 1.24.3" = [
    {url = "https://files.pythonhosted.org/packages/0d/43/643629a4a278b4815541c7d69856c07ddb0e99bdc62b43538d3751eae2d8/numpy-1.24.3-cp39-cp39-macosx_10_9_x86_64.whl", hash = "sha256:4719d5aefb5189f50887773699eaf94e7d1e02bf36c1a9d353d9f46703758ca4"},
    {url = "https://files.pythonhosted.org/packages/15/b8/cbe1750b9ec78062e5a00ef39ff8bdf189ce753b411b6b35931ababaee47/numpy-1.24.3-pp38-pypy38_pp73-win_amd64.whl", hash = "sha256:35400e6a8d102fd07c71ed7dcadd9eb62ee9a6e84ec159bd48c28235bbb0f8e4"},
    {url = "https://files.pythonhosted.org/packages/1a/62/af7e78a12207608b23e3b2e248fc823fbef75f17d5defc8a127c5661daca/numpy-1.24.3-cp38-cp38-win_amd64.whl", hash = "sha256:56e48aec79ae238f6e4395886b5eaed058abb7231fb3361ddd7bfdf4eed54289"},
    {url = "https://files.pythonhosted.org/packages/2c/d4/590ae7df5044465cc9fa2db152ae12468694d62d952b1528ecff328ef7fc/numpy-1.24.3.tar.gz", hash = "sha256:ab344f1bf21f140adab8e47fdbc7c35a477dc01408791f8ba00d018dd0bc5155"},
    {url = "https://files.pythonhosted.org/packages/53/f7/bf6e2b973c6d6a4c60f722dd95322d4997b4999347d67c5c74a4042a07b7/numpy-1.24.3-cp38-cp38-win32.whl", hash = "sha256:d933fabd8f6a319e8530d0de4fcc2e6a61917e0b0c271fded460032db42a0fe4"},
    {url = "https://files.pythonhosted.org/packages/54/41/fb17c1d48a574c50422ff3f1b17ed979b755adc6ed291c4a44a76e226c67/numpy-1.24.3-cp39-cp39-macosx_11_0_arm64.whl", hash = "sha256:0ec87a7084caa559c36e0a2309e4ecb1baa03b687201d0a847c8b0ed476a7187"},
    {url = "https://files.pythonhosted.org/packages/5a/ab/d0eff89e0c05cc86fa7955c5e54e8ed0957a8a97a2516384b9ffd82008cc/numpy-1.24.3-pp38-pypy38_pp73-macosx_10_9_x86_64.whl", hash = "sha256:352ee00c7f8387b44d19f4cada524586f07379c0d49270f87233983bc5087ca0"},
    {url = "https://files.pythonhosted.org/packages/62/e4/cd77d5f3d02c30d9ca8f2995df3cb3974c75cf1cc777fad445753475c4e4/numpy-1.24.3-cp310-cp310-manylinux_2_17_aarch64.manylinux2014_aarch64.whl", hash = "sha256:8535303847b89aa6b0f00aa1dc62867b5a32923e4d1681a35b5eef2d9591a463"},
    {url = "https://files.pythonhosted.org/packages/65/5d/46da284b0bf6cfbf04082c3c5e84399664d69e41c11a33587ad49b0c64e5/numpy-1.24.3-cp310-cp310-win_amd64.whl", hash = "sha256:ab5f23af8c16022663a652d3b25dcdc272ac3f83c3af4c02eb8b824e6b3ab9d7"},
    {url = "https://files.pythonhosted.org/packages/6f/72/38f9a536bdb5bfb1682f2520f133ec6e08dde8bcca1f632e347641d90763/numpy-1.24.3-cp310-cp310-manylinux_2_17_x86_64.manylinux2014_x86_64.whl", hash = "sha256:2d926b52ba1367f9acb76b0df6ed21f0b16a1ad87c6720a1121674e5cf63e2b6"},
    {url = "https://files.pythonhosted.org/packages/72/eb/9c77bbc4d2b4ca17ef253621794a2d42897d896f86cd493db3eabe1a7d25/numpy-1.24.3-cp311-cp311-manylinux_2_17_aarch64.manylinux2014_aarch64.whl", hash = "sha256:76e3f4e85fc5d4fd311f6e9b794d0c00e7002ec122be271f2019d63376f1d385"},
    {url = "https://files.pythonhosted.org/packages/76/7c/cfb8ac4925defbe222aec15ac6b42b2a3d9bab7c9d13a2e767f534b35c2e/numpy-1.24.3-cp39-cp39-win_amd64.whl", hash = "sha256:d5036197ecae68d7f491fcdb4df90082b0d4960ca6599ba2659957aafced7c17"},
    {url = "https://files.pythonhosted.org/packages/79/4a/63a79242763edde0b5025d104cc2b78c44d89310b1bbc9b0f64a96b72ea0/numpy-1.24.3-cp38-cp38-macosx_10_9_x86_64.whl", hash = "sha256:7776ea65423ca6a15255ba1872d82d207bd1e09f6d0894ee4a64678dd2204078"},
    {url = "https://files.pythonhosted.org/packages/82/19/321d369ede7458500f59151101470129d14f3b6768bb9b99bb7156f526b5/numpy-1.24.3-cp311-cp311-manylinux_2_17_x86_64.manylinux2014_x86_64.whl", hash = "sha256:a1d3c026f57ceaad42f8231305d4653d5f05dc6332a730ae5c0bea3513de0950"},
    {url = "https://files.pythonhosted.org/packages/83/be/de078ac5e4ff572b1bdac1808b77cea2013b2c6286282f89b1de3e951273/numpy-1.24.3-cp39-cp39-manylinux_2_17_x86_64.manylinux2014_x86_64.whl", hash = "sha256:210461d87fb02a84ef243cac5e814aad2b7f4be953b32cb53327bb49fd77fbb4"},
    {url = "https://files.pythonhosted.org/packages/89/e3/e2f478b2ff131e7c3171044a87e74df61db4b67fbcb90be479c07a44d0a7/numpy-1.24.3-cp310-cp310-win32.whl", hash = "sha256:f21c442fdd2805e91799fbe044a7b999b8571bb0ab0f7850d0cb9641a687092b"},
    {url = "https://files.pythonhosted.org/packages/8b/d9/814a619ab84d8eb0d95e08d4c723e665f1e694b5a6068ca505a61bdc3745/numpy-1.24.3-cp38-cp38-manylinux_2_17_x86_64.manylinux2014_x86_64.whl", hash = "sha256:4749e053a29364d3452c034827102ee100986903263e89884922ef01a0a6fd2f"},
    {url = "https://files.pythonhosted.org/packages/94/84/ed45416c8319c02348a5812d5647796a0833e3fb5576d01758f2a72e9200/numpy-1.24.3-cp311-cp311-win32.whl", hash = "sha256:c91c4afd8abc3908e00a44b2672718905b8611503f7ff87390cc0ac3423fb096"},
    {url = "https://files.pythonhosted.org/packages/96/92/2a8c1356e226311cf885e04eff576df8c357b2626c47c9283024bc24e01e/numpy-1.24.3-cp39-cp39-manylinux_2_17_aarch64.manylinux2014_aarch64.whl", hash = "sha256:ea8282b9bcfe2b5e7d491d0bf7f3e2da29700cec05b49e64d6246923329f2b02"},
    {url = "https://files.pythonhosted.org/packages/a7/fe/72493149c65dcd39d8c8dc09870e242bd689d1db2bde3ec479807bf0d414/numpy-1.24.3-cp38-cp38-manylinux_2_17_aarch64.manylinux2014_aarch64.whl", hash = "sha256:ecde0f8adef7dfdec993fd54b0f78183051b6580f606111a6d789cd14c61ea0c"},
    {url = "https://files.pythonhosted.org/packages/ca/13/c5bc0100b425f007412c3ba5d71e5ae9c08260fecbffd620764a9df1f4de/numpy-1.24.3-cp38-cp38-macosx_11_0_arm64.whl", hash = "sha256:ae8d0be48d1b6ed82588934aaaa179875e7dc4f3d84da18d7eae6eb3f06c242c"},
    {url = "https://files.pythonhosted.org/packages/d5/d6/07b37e7fecad7d158aabb4782a1b941e10afe8b80ec24cd64285a5bbb81b/numpy-1.24.3-cp39-cp39-win32.whl", hash = "sha256:784c6da1a07818491b0ffd63c6bbe5a33deaa0e25a20e1b3ea20cf0e43f8046c"},
    {url = "https://files.pythonhosted.org/packages/eb/10/2c3c672034d860bcca50b65d656e24c4e2ace9fb452fdd81da78cb7418a1/numpy-1.24.3-pp38-pypy38_pp73-manylinux_2_17_x86_64.manylinux2014_x86_64.whl", hash = "sha256:1a7d6acc2e7524c9955e5c903160aa4ea083736fde7e91276b0e5d98e6332812"},
    {url = "https://files.pythonhosted.org/packages/ec/7d/f69c47ea3db0cd8ca444aec241a80b538eb176ae756820489a9d2946ec8c/numpy-1.24.3-cp311-cp311-macosx_10_9_x86_64.whl", hash = "sha256:9a7721ec204d3a237225db3e194c25268faf92e19338a35f3a224469cb6039a3"},
    {url = "https://files.pythonhosted.org/packages/ee/6c/7217a8844dfe22e349bccbecd35571fa72c5d7fe8b33d8c5540e8cc2535c/numpy-1.24.3-cp311-cp311-macosx_11_0_arm64.whl", hash = "sha256:d6cc757de514c00b24ae8cf5c876af2a7c3df189028d68c0cb4eaa9cd5afc2bf"},
    {url = "https://files.pythonhosted.org/packages/f0/e8/1ea9adebdccaadfc208c7517e09f5145ed5a73069779ff436393085d47a2/numpy-1.24.3-cp311-cp311-win_amd64.whl", hash = "sha256:5342cf6aad47943286afa6f1609cad9b4266a05e7f2ec408e2cf7aea7ff69d80"},
    {url = "https://files.pythonhosted.org/packages/f3/23/7cc851bae09cf4db90d42a701dfe525780883ada86bece45e3da7a07e76b/numpy-1.24.3-cp310-cp310-macosx_10_9_x86_64.whl", hash = "sha256:3c1104d3c036fb81ab923f507536daedc718d0ad5a8707c6061cdfd6d184e570"},
    {url = "https://files.pythonhosted.org/packages/fa/7d/8dfb40eecbb6bc83ca00ef979f5cdeca5909a250cb8b642dcf1fbd34c078/numpy-1.24.3-cp310-cp310-macosx_11_0_arm64.whl", hash = "sha256:202de8f38fc4a45a3eea4b63e2f376e5f2dc64ef0fa692838e31a808520efaf7"},
]
"pdoc 13.1.1" = [
    {url = "https://files.pythonhosted.org/packages/b5/6c/264d7d4148d30e8676d86ff09bca86df80c4179e3b128a02822de07b3c82/pdoc-13.1.1-py3-none-any.whl", hash = "sha256:9025c6cd2448b18662e88eacf84c6eb050dcbdc8ee5259aee5e40a1c2b417840"},
    {url = "https://files.pythonhosted.org/packages/b8/87/21dd506901c7987e36e3e59d001901ff92086f133d0533cba8e9dfb37c00/pdoc-13.1.1.tar.gz", hash = "sha256:2b8e341b1882ed8217e95c1f3f1f11d34f9ef93a5796287590162e2035296815"},
]
"polars 0.17.11" = [
    {url = "https://files.pythonhosted.org/packages/28/2e/06ac9f43998bc8f82071602f8acc0dd5178b3db90d234ec9511a9d6245f6/polars-0.17.11-cp37-abi3-macosx_10_7_x86_64.whl", hash = "sha256:07ecde540830bad035fecadbd07721a0dd3cba5887ba6d49844242de83a9ace8"},
    {url = "https://files.pythonhosted.org/packages/4a/ed/c4215a4399d3f1f2b908055acbbf6d65af758868153e719fce48fce2e539/polars-0.17.11-cp37-abi3-win_amd64.whl", hash = "sha256:2b8d7055809017f0d1aab122cd5a818d502086f2ed7d57c2e5057f7374aa9831"},
    {url = "https://files.pythonhosted.org/packages/50/1b/20e8f10adac1549bfff186d2b8f65acb7b82f1d547fd850ea7e6517bf616/polars-0.17.11-cp37-abi3-macosx_11_0_arm64.whl", hash = "sha256:accf4719953f0e2f27db4c87e3ebac9569ebce8675fe3c6b710af2c313aedb81"},
    {url = "https://files.pythonhosted.org/packages/77/21/44cff524864d1b8e6b74ef9e08d0ff61e1bdb96fbf920062e795ba45e811/polars-0.17.11-cp37-abi3-manylinux_2_17_aarch64.manylinux2014_aarch64.whl", hash = "sha256:38db6e92726c36ffd80fc39c511c725c34391b4b33a1fb1d2866cbe14d7c9c07"},
    {url = "https://files.pythonhosted.org/packages/bc/af/f381485e318ca90f83083f8497f1f6871e2acafcbecbd635d71dffe02349/polars-0.17.11-cp37-abi3-manylinux_2_17_x86_64.manylinux2014_x86_64.whl", hash = "sha256:54aca5e4cb157cd3d177fe46c6f5b167cd2dd466d2fa4b8a7ff65c3e627a1037"},
    {url = "https://files.pythonhosted.org/packages/ee/c8/8840d08bb728271e7dcbec8c9f9368d63dc8746c019516206d3d089e3cd5/polars-0.17.11.tar.gz", hash = "sha256:103579cf6f1784740f88fc1510c4f349ebdf062d093a4155d87d09a80d40b342"},
]
"pygame 2.4.0" = [
    {url = "https://files.pythonhosted.org/packages/00/e8/691b773b559f08f9eb052fab652c0e34853f11f352144969cd5c0a0b5b10/pygame-2.4.0-cp310-cp310-manylinux_2_17_aarch64.manylinux2014_aarch64.whl", hash = "sha256:418659c2d42f6a2356e2691006d79b6e07fd4992f9e904a2638c51c992f3e41b"},
    {url = "https://files.pythonhosted.org/packages/01/67/1b3d368a2d89f05423f07ec265279fc65e788364cc1e757d69f94d4c3d7c/pygame-2.4.0-cp37-cp37m-manylinux_2_17_i686.manylinux2014_i686.whl", hash = "sha256:f576403c2b14f0eea694365b9018d5bacac70b1550261ffc7a54a92e18967541"},
    {url = "https://files.pythonhosted.org/packages/03/ed/5a5edfd2c7d20a624ac374011786e00117dad366473840a1f71109def598/pygame-2.4.0-cp38-cp38-manylinux_2_17_aarch64.manylinux2014_aarch64.whl", hash = "sha256:b04451e5addae3a078a7a4f494e6b217025f4813dfb364a49c250fc5dfd1d2e2"},
    {url = "https://files.pythonhosted.org/packages/09/0a/7ba8a50463c289763ab67cde3edf76bfdf9d095b578f9e0782a47ec89c76/pygame-2.4.0-cp311-cp311-win_amd64.whl", hash = "sha256:75ef535ebe541b74a160bb59c3e520f543250d19f69d5973350ec1b9706e1469"},
    {url = "https://files.pythonhosted.org/packages/13/36/97b13be0f1f715b70afa9d13a70c1709959611507de03696d1db2ca60b1b/pygame-2.4.0-cp311-cp311-macosx_10_9_x86_64.whl", hash = "sha256:23543e2d206d8de7d6db4f7b1c74e6fea6c01ead63caf7252e63341e1cdb09f6"},
    {url = "https://files.pythonhosted.org/packages/13/b9/e2b4016d6db37c4ee9dca02f51da59b2aa168d64eded3396a14d426ae8de/pygame-2.4.0-cp36-cp36m-manylinux_2_5_x86_64.manylinux1_x86_64.whl", hash = "sha256:be7f948d33d0536c2922289e6f5983251cb0bd0d727db6ff692886c239f47a2c"},
    {url = "https://files.pythonhosted.org/packages/17/d4/4acfb6b2bf6582431739a6c2b3fb5375918b937784daa148f845d8d2fb29/pygame-2.4.0-cp39-cp39-macosx_11_0_arm64.whl", hash = "sha256:e2a3176b33b97ebae397f951d254e3155a0afe730e1b76fb35126555c27dd3b5"},
    {url = "https://files.pythonhosted.org/packages/19/22/d9344878c1f8429b0e48bb0eed57a452a9ae85cc806c653d26511a1d567d/pygame-2.4.0-cp36-cp36m-manylinux_2_12_i686.manylinux2010_i686.whl", hash = "sha256:4a98ed8c47e367b9233b5ca25c36c2b45ab61959ac543195f0b6349f0a599ec8"},
    {url = "https://files.pythonhosted.org/packages/1a/5e/4e7c9d1c9f4be88e3fc963ff68f32c4cf36ffb4df81f3ca8bc039eee65b2/pygame-2.4.0-cp39-cp39-manylinux_2_12_i686.manylinux2010_i686.whl", hash = "sha256:6ec870a63295ebff737640c4ef39868312e206dcba655b4ad5c7d0e8c2488b73"},
    {url = "https://files.pythonhosted.org/packages/1c/d0/94e71d30ece5031a4a9a4c37b0eceec8b77a770ba637aa5bd55d8693d6da/pygame-2.4.0-cp38-cp38-manylinux_2_5_i686.manylinux1_i686.whl", hash = "sha256:5a2aee4214e5efed2cb3650139010dd4d0b1c29a9760278ab259d0b46281b66a"},
    {url = "https://files.pythonhosted.org/packages/20/40/54dcf2a33f65a72c696ec97dd559d8df9245b096b797526366c408bf986f/pygame-2.4.0-pp39-pypy39_pp73-macosx_10_9_x86_64.whl", hash = "sha256:e5f043751840a07ff0160abe46ed42a88bc29baee93656abb5a050beda176306"},
    {url = "https://files.pythonhosted.org/packages/22/9b/42640bd8e5328b4923faa37a8abe79fee485f9b015abd9ccc01487b56951/pygame-2.4.0-cp39-cp39-manylinux_2_17_i686.manylinux2014_i686.whl", hash = "sha256:cad74cbbefbdb81cb22a9ea22561614b8dc58fcd52cd54126bbb8ee9ee77a5d5"},
    {url = "https://files.pythonhosted.org/packages/23/ac/f6f55dcddf4fc7c959616633cbfdf829b423b22db61db8daf00ec22704b7/pygame-2.4.0-cp36-cp36m-manylinux_2_17_aarch64.manylinux2014_aarch64.whl", hash = "sha256:99c296ecb8ce6ea1f404f4d174fdb215c64515827778525301c29ddf6f8e6e07"},
    {url = "https://files.pythonhosted.org/packages/32/ea/4f653b14611f0e22b472ac832fa999ce944bc9433ad819c82e1e5505e953/pygame-2.4.0-cp310-cp310-win32.whl", hash = "sha256:4ffec9661731fb674ccc88d1de92709219047af3d8198d0e6203c21f3f1b54a7"},
    {url = "https://files.pythonhosted.org/packages/3c/85/4e0e78c9d3559dbaa104c868afc83889d707dc0f0454ad4c3ae9cd8ec660/pygame-2.4.0-cp310-cp310-manylinux_2_12_i686.manylinux2010_i686.whl", hash = "sha256:1b7201a44869eb420dd56c8e003251c9e7422c5304b3e78508e767a5634ab31b"},
    {url = "https://files.pythonhosted.org/packages/42/4e/014a718ffd67210cf2545d2e5ce1fadd846adad2f46d3c17cf712509ea96/pygame-2.4.0-cp310-cp310-win_amd64.whl", hash = "sha256:bb5a39320d00fa781959d2d0151e6f0293dd1398c6dc9dc934112ecce7b4fb52"},
    {url = "https://files.pythonhosted.org/packages/44/c5/8e2ee5e29a8d23db7966149b17c3e745d9fa21b6be94bd531e67d2d272c3/pygame-2.4.0-cp37-cp37m-manylinux_2_17_x86_64.manylinux2014_x86_64.whl", hash = "sha256:5210cb09ec31281e16fda008bf8dfe2e024eef58e075dd0c01935d0004fdfffd"},
    {url = "https://files.pythonhosted.org/packages/48/0c/44ab02609d845a48d489ec833b061dfdc3f9e959a078610a75bbb15f877e/pygame-2.4.0-cp310-cp310-manylinux_2_17_x86_64.manylinux2014_x86_64.whl", hash = "sha256:ab8115af26a9e95f39b08fff416f097803480f265500b218a5ca065d6e73124f"},
    {url = "https://files.pythonhosted.org/packages/4b/10/754a9449a262284821cb22e19d817849e2278b8221a451fd0b9ef577aae7/pygame-2.4.0-cp36-cp36m-win32.whl", hash = "sha256:a66b314f4a637784d5ca2970745bb2e6e554447dce8f4cfedd9b9fcef5e3ffc6"},
    {url = "https://files.pythonhosted.org/packages/4b/96/4a489c11a4f8fef4cb6e8a4fcf9deda3dfba9fcbb98da77881f028f9671c/pygame-2.4.0-cp310-cp310-macosx_11_0_arm64.whl", hash = "sha256:13511c7c29f0fc23636f3b95a96ab45f964e84073e7e27dc602a479cd274d89a"},
    {url = "https://files.pythonhosted.org/packages/4c/53/29ba6c1472b1285d4925e29dda6b7ca8248c12e5702708caedf8b1ac9fb9/pygame-2.4.0-cp311-cp311-macosx_11_0_arm64.whl", hash = "sha256:4b562cfdd8caa76ba47ca2a9211fee6b0a95ceb95c9da94cf60a3909b2300854"},
    {url = "https://files.pythonhosted.org/packages/4e/42/0da08d51a25f4ac6cd8978aad2c42a685eb27d5964fb551c765a1d9bbbed/pygame-2.4.0-cp311-cp311-manylinux_2_17_i686.manylinux2014_i686.whl", hash = "sha256:d9b1127f085d09c7c0a976d440e8fc2f7adc579d62abcfc20c23c2699bbe2dc1"},
    {url = "https://files.pythonhosted.org/packages/4e/b4/3381ad1024885436f2095aae3053159dfda993baa29c0a7c924fded003c0/pygame-2.4.0-cp310-cp310-manylinux_2_12_x86_64.manylinux2010_x86_64.whl", hash = "sha256:3ab14e06c302921f33d25180813711a920acef386d3992fc21731d2d5e8e86f0"},
    {url = "https://files.pythonhosted.org/packages/54/da/b0b10b973d2bd43363e27c183230ce0f50d7604985c3e1ce043e847c08b0/pygame-2.4.0-cp310-cp310-manylinux_2_17_i686.manylinux2014_i686.whl", hash = "sha256:e70fd71e0321a805001192e08ae4af45b86c68f155670230c3f6f4dd25089e70"},
    {url = "https://files.pythonhosted.org/packages/56/fa/d4f4a1ce969d42618026cab1389910be5e4f65098802b869af7af077a371/pygame-2.4.0-cp38-cp38-macosx_11_0_arm64.whl", hash = "sha256:7fa1e65fd559823997f39a592cb49d8c89dd31c8bbde8273fe3922e2c1f294f6"},
    {url = "https://files.pythonhosted.org/packages/57/71/a941d5cd31a6da6c7ce2c604f92e72554188dc0e1ee6b37ebe985c8da9be/pygame-2.4.0-pp39-pypy39_pp73-manylinux_2_17_x86_64.manylinux2014_x86_64.whl", hash = "sha256:5a93d368311d40827dc5f0cad2a0e9a8700c1b017346808cfdfd9ea98aee45df"},
    {url = "https://files.pythonhosted.org/packages/5b/3f/b7d3ae9a0c15cb8c5a1b494b5a07601c3cfb5837970403cce5dcb60da0ba/pygame-2.4.0-cp38-cp38-manylinux_2_17_i686.manylinux2014_i686.whl", hash = "sha256:faa3b63b71d555e7a21cecc11c65e059d9cb1902158d863ac3592e1947bc521a"},
    {url = "https://files.pythonhosted.org/packages/5d/11/10015ae1469d241a246f12b41a57c6d8280a35dc65c48976dc85ff116f41/pygame-2.4.0-cp36-cp36m-manylinux_2_12_x86_64.manylinux2010_x86_64.whl", hash = "sha256:00ecd4688ee25d5d4cf48eddab18749a9bb2b382772f7fa8a987e4d21026c603"},
    {url = "https://files.pythonhosted.org/packages/6f/62/e6fa6957fbae2b575054e89ff2d0762658fe0e54cca2c8a41daf4141fb43/pygame-2.4.0-pp39-pypy39_pp73-manylinux_2_17_i686.manylinux2014_i686.whl", hash = "sha256:867cf19f1c7aa6f187a0a31b702f5668e935e700b46d94bd58e94ec8581cf081"},
    {url = "https://files.pythonhosted.org/packages/74/54/6d29e3385d7bcfe4118f2bcf6a1aa6aea192e4ce98837dcaeded3a6abbf0/pygame-2.4.0-cp39-cp39-manylinux_2_5_i686.manylinux1_i686.whl", hash = "sha256:075c1282b1d307669c8ef29942564b91acb85623bedba3bfb841079d539ded31"},
    {url = "https://files.pythonhosted.org/packages/75/ef/8a2f68857149860bd74be79395dfd0c4556f8c6a40f75efc20d783dd3f59/pygame-2.4.0-cp311-cp311-win32.whl", hash = "sha256:de963a4b8787d93a9fba8f4052d9dde8b12adbeac5781e48035be1557dfadb20"},
    {url = "https://files.pythonhosted.org/packages/77/be/75b4d8b277d3cdf614d02e96b72e3c16861e90fa408b9907e931d94adfc9/pygame-2.4.0-cp39-cp39-manylinux_2_17_x86_64.manylinux2014_x86_64.whl", hash = "sha256:b4c75dd345707da622c78dbd6a63a025f7b89377ddc4e71ba40043929824f5d4"},
    {url = "https://files.pythonhosted.org/packages/7c/95/d8af4d674698ba1b454a5a815751460ec30818b40565484d3b598e3fe292/pygame-2.4.0-pp36-pypy36_pp73-win32.whl", hash = "sha256:2946c151691c80ffb9f3f39e1f294d7ed9edaae1814e528d2f5b4751e7e6d903"},
    {url = "https://files.pythonhosted.org/packages/7e/d8/18c6cc31751d643a23a9c897c01318f7fdfb07272f1db128a7004a2b895b/pygame-2.4.0-cp36-cp36m-win_amd64.whl", hash = "sha256:c09323eeae9e0cb2ced0cb3635485ae17f4f1b2b6b908a494ce2d830c609d4be"},
    {url = "https://files.pythonhosted.org/packages/7e/e3/6e6de4599bf1e9c2144d181d721257eb3728a77bbb67feedca41b766aa99/pygame-2.4.0-cp39-cp39-manylinux_2_17_aarch64.manylinux2014_aarch64.whl", hash = "sha256:7e5d32def075e495b4802371fd8cda96ff4957aa39e215f83d87022dedf14cfb"},
    {url = "https://files.pythonhosted.org/packages/8a/83/c4d0a0863d04d47bf9f2dbc29e17e184f952228ed2a630fec9bdb0d1736a/pygame-2.4.0-cp37-cp37m-manylinux_2_12_i686.manylinux2010_i686.whl", hash = "sha256:802b03f6c367359c94eb6a90169666efa1aa1d6e24fce37a0b21642ccdfe48cf"},
    {url = "https://files.pythonhosted.org/packages/8b/12/ef90f0a62c56c2b225f4ddb9ceab9f4246738a6ee91b1d6785ffd750834d/pygame-2.4.0-pp37-pypy37_pp73-manylinux_2_17_i686.manylinux2014_i686.whl", hash = "sha256:80502eb26483b0206d0508475ec7d67a86bc0afc5bb4aad3a6172a7a85a27554"},
    {url = "https://files.pythonhosted.org/packages/8b/7c/76a1b49b54695a42981ec68f4c52fd54703dc4f4653a2db3eb19e5955cac/pygame-2.4.0-cp36-cp36m-manylinux_2_17_i686.manylinux2014_i686.whl", hash = "sha256:b6b94fc99487ce4a45ce00fa9145f4861f6e021254a005101d00bc17a4bb4f5c"},
    {url = "https://files.pythonhosted.org/packages/8b/85/a54e8bba9e73a0121c407c706fe4a3816079b30e14997c5e7cae2cea1758/pygame-2.4.0-cp36-cp36m-manylinux_2_5_i686.manylinux1_i686.whl", hash = "sha256:8f97c8be81b3262ad8dae982485c4a73c9f2374614dfc0db8eb0f754badb29d6"},
    {url = "https://files.pythonhosted.org/packages/91/ed/fcb0570c5b93416ab38525086ba5de15408ef300bde5d02880f586dc9cfc/pygame-2.4.0-cp39-cp39-macosx_10_9_x86_64.whl", hash = "sha256:9f6b7a604812f447495829751dfe7ab57cb31c2c9acdb07ba4b7157490411a12"},
    {url = "https://files.pythonhosted.org/packages/a2/d5/95d16bcf33746785c020d10af9222d2dc847e2d4f5ffceb49f321584e139/pygame-2.4.0-cp39-cp39-manylinux_2_5_x86_64.manylinux1_x86_64.whl", hash = "sha256:1422673a2b485153cbc20dbbd37af791c9842ca98a1b7a89fe3ac115cce79805"},
    {url = "https://files.pythonhosted.org/packages/a6/de/6d7820903a88fabfc112a69ed440c834f875af29a70210274c7f8bb13188/pygame-2.4.0-cp37-cp37m-manylinux_2_12_x86_64.manylinux2010_x86_64.whl", hash = "sha256:79b0962a8f09788ca735532cfcf2dd053424fe5eabbda564b74f8e5e2eb11f48"},
    {url = "https://files.pythonhosted.org/packages/a9/4d/b4ce6d91c7fd10608fc6cf745b50e09057519bb943e2111ea5ef7e2459ae/pygame-2.4.0-pp38-pypy38_pp73-manylinux_2_17_x86_64.manylinux2014_x86_64.whl", hash = "sha256:32ed4d4317bce8fe78592a7b5b4a07f2e0ff814e35c66cb5a3b398dae96c3f27"},
    {url = "https://files.pythonhosted.org/packages/aa/1c/a8f7d4d329eb6f554988b6d3eb6145876a30e8fcee93dc8902af4bbfd3d9/pygame-2.4.0-pp38-pypy38_pp73-manylinux_2_17_i686.manylinux2014_i686.whl", hash = "sha256:43db3a6c9be3d94eececf7c86cde7584d2bb87f394ade40139c3b4e528fdff24"},
    {url = "https://files.pythonhosted.org/packages/ad/6b/44ecd033bcccc72be36c50ecc1220bcb163b985be52cde2d819ed483a186/pygame-2.4.0-cp38-cp38-manylinux_2_12_i686.manylinux2010_i686.whl", hash = "sha256:65ee75e0e83e393fdc5c06e55e376c7511881a5ebee006ecca89cb1b3b41d6f1"},
    {url = "https://files.pythonhosted.org/packages/b3/06/596cbef298e19104576d848f8789e9ec72bb6d62e6664efce70aaa126847/pygame-2.4.0-cp37-cp37m-manylinux_2_5_i686.manylinux1_i686.whl", hash = "sha256:6060d68d10fafd51c4cb3a7d687d741009881860dfd429c863e570877e2ce9de"},
    {url = "https://files.pythonhosted.org/packages/b4/c6/af7800f1bf12979a16b625bd03c62725135f023d4e9abd4ea9c18c08bc96/pygame-2.4.0-cp36-cp36m-manylinux_2_17_x86_64.manylinux2014_x86_64.whl", hash = "sha256:f3020fb98f27a6ea79418a5b332ca07be93884e4a455c8a0a31b2dcf39ee2d96"},
    {url = "https://files.pythonhosted.org/packages/b9/42/154038c4988d750ded799dc5d6ca4e631db93888e3d76084625b0588dfd2/pygame-2.4.0.tar.gz", hash = "sha256:e3603e70e96ee30af1954ce57d4922a059402f368013e7138e90f1c03d185267"},
    {url = "https://files.pythonhosted.org/packages/b9/71/18fc753b72e20859dda4bf3b7048879d982e2a9cc22fe18956820a99bc9f/pygame-2.4.0-cp39-cp39-manylinux_2_12_x86_64.manylinux2010_x86_64.whl", hash = "sha256:e75d8c2980d719045be366160568bf508cbbed21285efe32468c75abcd4cf8b3"},
    {url = "https://files.pythonhosted.org/packages/ba/a1/df34d4bb1b7cd3423328458b640da7c162d58fb13f09b129df7a2ffed30a/pygame-2.4.0-cp38-cp38-manylinux_2_5_x86_64.manylinux1_x86_64.whl", hash = "sha256:47be83060a9dbc79763fd230f04d53a29064b5f64d1b59425c432d3570b22623"},
    {url = "https://files.pythonhosted.org/packages/be/c5/238c321465559a084b7a730edd110e41738d2f11fbffea7743e1080fa86a/pygame-2.4.0-pp37-pypy37_pp73-manylinux_2_17_x86_64.manylinux2014_x86_64.whl", hash = "sha256:f9c8bb7b77f97eb49dac900445fbf96a332d2072588949d6396581933843fb04"},
    {url = "https://files.pythonhosted.org/packages/c0/bb/1cf8e3399cfaa498df0289db4fd271067a7d78b7a76797bb29f7090df973/pygame-2.4.0-cp38-cp38-macosx_10_9_x86_64.whl", hash = "sha256:53bfdc1aea619fa8d347be37b08de87089d543375948aacf8b163b0c5eb6d4e4"},
    {url = "https://files.pythonhosted.org/packages/c4/64/f5e3c6dfe181746f35feb4d3817d88c1aadc655cfe558e28335cb8803e53/pygame-2.4.0-cp310-cp310-macosx_10_9_x86_64.whl", hash = "sha256:63591f381e5b28b90e115ac7a96f8ce5ecb917facb42d79d4f89714f89cc6d8e"},
    {url = "https://files.pythonhosted.org/packages/c5/e8/a034bbcdcb611ed60b030d9ac72cb1135693be319d367c218725dff233e8/pygame-2.4.0-cp311-cp311-manylinux_2_17_x86_64.manylinux2014_x86_64.whl", hash = "sha256:47fd096ceb68d966681f8d0e820f7305bf05b30421ca562cfdb3c89a5aef26e5"},
    {url = "https://files.pythonhosted.org/packages/c9/7b/7f877e79011c6956fc8cf58aa9fdb2cb28c2d4ea44c4fa5b46bda4004a07/pygame-2.4.0-cp36-cp36m-macosx_10_9_x86_64.whl", hash = "sha256:ca2ecc65126eaaa5b8e6a119913cfb2c2b1ed4c8ee1b980baf333aa9d379f227"},
    {url = "https://files.pythonhosted.org/packages/c9/f9/9558aac7d429a837ef3f891a11772ae2a941c8f9d0a54e97dbdae84b4554/pygame-2.4.0-cp37-cp37m-manylinux_2_5_x86_64.manylinux1_x86_64.whl", hash = "sha256:6c0081546749c0b4341ce575622a4f8eee05f675d3a0872ab6aed6e5bd2ba5a8"},
    {url = "https://files.pythonhosted.org/packages/d5/3c/b53273ad0f6a54beaad9e3cb53dabe3d01e52160e4192fe9613aada02817/pygame-2.4.0-cp38-cp38-manylinux_2_17_x86_64.manylinux2014_x86_64.whl", hash = "sha256:ef14750fa60b47510cfe9c7c37e7abe67617f5d1f1a8ffa257a59d49836dadda"},
    {url = "https://files.pythonhosted.org/packages/d7/e8/798828e11d8535d96f589fb0283f54423d1c5096649588c025cbcf66d19a/pygame-2.4.0-cp37-cp37m-macosx_10_9_x86_64.whl", hash = "sha256:c4241e1da3852a955d37a22157ed51b2d30a65f7987eac9d162bb302fb754d87"},
    {url = "https://files.pythonhosted.org/packages/de/d6/83fa13d606cf642cd56e8c359900b35dd717bde69df245dc986aaf640bec/pygame-2.4.0-cp37-cp37m-manylinux_2_17_aarch64.manylinux2014_aarch64.whl", hash = "sha256:627c8bb007a757da18d32c5d9b7ac50ab0356d9e922d570b0572765778080787"},
    {url = "https://files.pythonhosted.org/packages/e1/0e/eeab91cbd69df04115069dd89a5d14c0a37a558212eeb2b7c30497ec0a30/pygame-2.4.0-cp311-cp311-manylinux_2_17_aarch64.manylinux2014_aarch64.whl", hash = "sha256:751bc57e4c3b7cd92762344562dcbd405e2b54488de1d7a1e083a470bdbc5ae9"},
    {url = "https://files.pythonhosted.org/packages/f0/68/89073f6c071034c7c515d36edfcc5db25ffb1c2b30f5ead4698046de5dec/pygame-2.4.0-pp38-pypy38_pp73-macosx_10_9_x86_64.whl", hash = "sha256:8b6e1493724d29e46a0e7e8125d9808c9957c652db67afe9497d385509fc5ac5"},
    {url = "https://files.pythonhosted.org/packages/f4/13/c1337e3fc68f006e87b1f0cb693375f274ecb09b921504e0d5be56186291/pygame-2.4.0-cp38-cp38-manylinux_2_12_x86_64.manylinux2010_x86_64.whl", hash = "sha256:fbcba1b06f42338fecbd366227025f81729d9f4a577677fd3cd1ceff34d7286a"},
]
"pygments 2.15.1" = [
    {url = "https://files.pythonhosted.org/packages/34/a7/37c8d68532ba71549db4212cb036dbd6161b40e463aba336770e80c72f84/Pygments-2.15.1-py3-none-any.whl", hash = "sha256:db2db3deb4b4179f399a09054b023b6a586b76499d36965813c71aa8ed7b5fd1"},
    {url = "https://files.pythonhosted.org/packages/89/6b/2114e54b290824197006e41be3f9bbe1a26e9c39d1f5fa20a6d62945a0b3/Pygments-2.15.1.tar.gz", hash = "sha256:8ace4d3c1dd481894b2005f560ead0f9f19ee64fe983366be1a21e171d12775c"},
]
"pyserde 0.10.4" = [
    {url = "https://files.pythonhosted.org/packages/51/16/f499d7c48777d4ae0d6ce0c0f980b27d461778dd61883ea2e22597ce475a/pyserde-0.10.4.tar.gz", hash = "sha256:1a1ba0fdf5def8c14aba3b87824bcca0eba575aed439ef12cbb821f7330449fb"},
    {url = "https://files.pythonhosted.org/packages/73/60/f3b6b23402133b42297ac3e4ef9e1d95e5313c02f0b22b680dabd9c02a58/pyserde-0.10.4-py3-none-any.whl", hash = "sha256:04d3c136b15c907341b87ef894ae7dff6ac4c1bed179832f7feb42ff65d95a10"},
]
"tomli 2.0.1" = [
    {url = "https://files.pythonhosted.org/packages/97/75/10a9ebee3fd790d20926a90a2547f0bf78f371b2f13aa822c759680ca7b9/tomli-2.0.1-py3-none-any.whl", hash = "sha256:939de3e7a6161af0c887ef91b7d41a53e7c5a1ca976325f429cb46ea9bc30ecc"},
    {url = "https://files.pythonhosted.org/packages/c0/3f/d7af728f075fb08564c5949a9c95e44352e23dee646869fa104a3b2060a3/tomli-2.0.1.tar.gz", hash = "sha256:de526c12914f0c550d15924c62d72abc48d6fe7364aa87328337a31007fe8a4f"},
]
"tomli-w 1.0.0" = [
    {url = "https://files.pythonhosted.org/packages/49/05/6bf21838623186b91aedbda06248ad18f03487dc56fbc20e4db384abde6c/tomli_w-1.0.0.tar.gz", hash = "sha256:f463434305e0336248cac9c2dc8076b707d8a12d019dd349f5c1e382dd1ae1b9"},
    {url = "https://files.pythonhosted.org/packages/bb/01/1da9c66ecb20f31ed5aa5316a957e0b1a5e786a0d9689616ece4ceaf1321/tomli_w-1.0.0-py3-none-any.whl", hash = "sha256:9f2a07e8be30a0729e533ec968016807069991ae2fd921a78d42f429ae5f4463"},
]
"typing-extensions 4.5.0" = [
    {url = "https://files.pythonhosted.org/packages/31/25/5abcd82372d3d4a3932e1fa8c3dbf9efac10cc7c0d16e78467460571b404/typing_extensions-4.5.0-py3-none-any.whl", hash = "sha256:fb33085c39dd998ac16d1431ebc293a8b3eedd00fd4a32de0ff79002c19511b4"},
    {url = "https://files.pythonhosted.org/packages/d3/20/06270dac7316220643c32ae61694e451c98f8caf4c8eab3aa80a2bedf0df/typing_extensions-4.5.0.tar.gz", hash = "sha256:5cb5f4a79139d699607b3ef622a1dedafa84e115ab0024e0d9c044a9479ca7cb"},
]
"typing-inspect 0.8.0" = [
    {url = "https://files.pythonhosted.org/packages/72/23/bed3ea644bcd77ffe9a7f591eb058c00739747e33ab94d80cc4319ddee8e/typing_inspect-0.8.0.tar.gz", hash = "sha256:8b1ff0c400943b6145df8119c41c244ca8207f1f10c9c057aeed1560e4806e3d"},
    {url = "https://files.pythonhosted.org/packages/be/01/59b743dca816c4b6ca891b9e0f84d20513cd61bdbbaa8615de8f5aab68c1/typing_inspect-0.8.0-py3-none-any.whl", hash = "sha256:5fbf9c1e65d4fa01e701fe12a5bca6c6e08a4ffd5bc60bfac028253a447c5188"},
]
